
Microsoft Visual Studio Solution File, Format Version 12.00
# Visual Studio 15
VisualStudioVersion = 15.0.27428.2027
MinimumVisualStudioVersion = 10.0.40219.1
Project("{FAE04EC0-301F-11D3-BF4B-00C04F79EFBC}") = "ML_TP034533", "ML_TP034533\ML_TP034533.csproj", "{59B83F5E-3CD8-4EFB-A81B-E8ED311BB359}"
EndProject
Global
	GlobalSection(SolutionConfigurationPlatforms) = preSolution
		Debug|Any CPU = Debug|Any CPU
		Release|Any CPU = Release|Any CPU
	EndGlobalSection
	GlobalSection(ProjectConfigurationPlatforms) = postSolution
		{59B83F5E-3CD8-4EFB-A81B-E8ED311BB359}.Debug|Any CPU.ActiveCfg = Debug|Any CPU
		{59B83F5E-3CD8-4EFB-A81B-E8ED311BB359}.Debug|Any CPU.Build.0 = Debug|Any CPU
		{59B83F5E-3CD8-4EFB-A81B-E8ED311BB359}.Release|Any CPU.ActiveCfg = Release|Any CPU
		{59B83F5E-3CD8-4EFB-A81B-E8ED311BB359}.Release|Any CPU.Build.0 = Release|Any CPU
	EndGlobalSection
	GlobalSection(SolutionProperties) = preSolution
		HideSolutionNode = FALSE
	EndGlobalSection
	GlobalSection(ExtensibilityGlobals) = postSolution
		SolutionGuid = {6D7AAF12-A5BA-4E85-9F2D-E03C9A1FFD37}
	EndGlobalSection
EndGlobal
